
Microsoft Visual Studio Solution File, Format Version 12.00
# Visual Studio Version 16
VisualStudioVersion = 16.0.29503.13
MinimumVisualStudioVersion = 10.0.40219.1
Project("{9A19103F-16F7-4668-BE54-9A1E7A4F7556}") = "WorkshopManagement.UnitTests", "WorkshopManagement.UnitTests.csproj", "{244F7FEA-C3FE-4E38-B06D-909F3712BACE}"
EndProject
Project("{9A19103F-16F7-4668-BE54-9A1E7A4F7556}") = "WorkshopManagementAPI", "..\WorkshopManagementAPI\WorkshopManagementAPI.csproj", "{437584BA-1DAB-4FE1-A3F0-FEF65C848E57}"
EndProject
Project("{FAE04EC0-301F-11D3-BF4B-00C04F79EFBC}") = "WorkshopManagement.Specs", "..\WorkshopManagement.Specs\WorkshopManagement.Specs.csproj", "{111EB35E-92A8-4B71-ABAB-8DDA9B79C9DD}"
EndProject
Global
	GlobalSection(SolutionConfigurationPlatforms) = preSolution
		Debug|Any CPU = Debug|Any CPU
		Release|Any CPU = Release|Any CPU
	EndGlobalSection
	GlobalSection(ProjectConfigurationPlatforms) = postSolution
		{244F7FEA-C3FE-4E38-B06D-909F3712BACE}.Debug|Any CPU.ActiveCfg = Debug|Any CPU
		{244F7FEA-C3FE-4E38-B06D-909F3712BACE}.Debug|Any CPU.Build.0 = Debug|Any CPU
		{244F7FEA-C3FE-4E38-B06D-909F3712BACE}.Release|Any CPU.ActiveCfg = Release|Any CPU
		{244F7FEA-C3FE-4E38-B06D-909F3712BACE}.Release|Any CPU.Build.0 = Release|Any CPU
		{437584BA-1DAB-4FE1-A3F0-FEF65C848E57}.Debug|Any CPU.ActiveCfg = Debug|Any CPU
		{437584BA-1DAB-4FE1-A3F0-FEF65C848E57}.Debug|Any CPU.Build.0 = Debug|Any CPU
		{437584BA-1DAB-4FE1-A3F0-FEF65C848E57}.Release|Any CPU.ActiveCfg = Release|Any CPU
		{437584BA-1DAB-4FE1-A3F0-FEF65C848E57}.Release|Any CPU.Build.0 = Release|Any CPU
		{111EB35E-92A8-4B71-ABAB-8DDA9B79C9DD}.Debug|Any CPU.ActiveCfg = Debug|Any CPU
		{111EB35E-92A8-4B71-ABAB-8DDA9B79C9DD}.Debug|Any CPU.Build.0 = Debug|Any CPU
		{111EB35E-92A8-4B71-ABAB-8DDA9B79C9DD}.Release|Any CPU.ActiveCfg = Release|Any CPU
		{111EB35E-92A8-4B71-ABAB-8DDA9B79C9DD}.Release|Any CPU.Build.0 = Release|Any CPU
	EndGlobalSection
	GlobalSection(SolutionProperties) = preSolution
		HideSolutionNode = FALSE
	EndGlobalSection
	GlobalSection(ExtensibilityGlobals) = postSolution
		SolutionGuid = {2DB7E5DB-8FF2-4660-8053-C9A86744946E}
	EndGlobalSection
EndGlobal
